
Microsoft Visual Studio Solution File, Format Version 12.00
# Visual Studio 15
VisualStudioVersion = 15.0.28307.271
MinimumVisualStudioVersion = 10.0.40219.1
Project("{FAE04EC0-301F-11D3-BF4B-00C04F79EFBC}") = "DrawingPanel", "DrawingPanel\DrawingPanel.csproj", "{AD632883-FCBF-4BF4-94AC-883710B2B214}"
EndProject
Global
	GlobalSection(SolutionConfigurationPlatforms) = preSolution
		Debug|Any CPU = Debug|Any CPU
		Release|Any CPU = Release|Any CPU
	EndGlobalSection
	GlobalSection(ProjectConfigurationPlatforms) = postSolution
		{AD632883-FCBF-4BF4-94AC-883710B2B214}.Debug|Any CPU.ActiveCfg = Debug|Any CPU
		{AD632883-FCBF-4BF4-94AC-883710B2B214}.Debug|Any CPU.Build.0 = Debug|Any CPU
		{AD632883-FCBF-4BF4-94AC-883710B2B214}.Release|Any CPU.ActiveCfg = Release|Any CPU
		{AD632883-FCBF-4BF4-94AC-883710B2B214}.Release|Any CPU.Build.0 = Release|Any CPU
	EndGlobalSection
	GlobalSection(SolutionProperties) = preSolution
		HideSolutionNode = FALSE
	EndGlobalSection
	GlobalSection(ExtensibilityGlobals) = postSolution
		SolutionGuid = {7CFAFF3D-A36B-4138-B5E1-547A185C3EC2}
	EndGlobalSection
EndGlobal
